
Microsoft Visual Studio Solution File, Format Version 12.00
# Visual Studio Version 16
VisualStudioVersion = 16.0.31410.357
MinimumVisualStudioVersion = 10.0.40219.1
Project("{FAE04EC0-301F-11D3-BF4B-00C04F79EFBC}") = "UseLicenseTax", "UseLicenseTax\UseLicenseTax.csproj", "{F9234490-B27E-43A5-BBCA-91BC9AD62D2D}"
EndProject
Global
	GlobalSection(SolutionConfigurationPlatforms) = preSolution
		Debug|Any CPU = Debug|Any CPU
		Release|Any CPU = Release|Any CPU
	EndGlobalSection
	GlobalSection(ProjectConfigurationPlatforms) = postSolution
		{F9234490-B27E-43A5-BBCA-91BC9AD62D2D}.Debug|Any CPU.ActiveCfg = Debug|Any CPU
		{F9234490-B27E-43A5-BBCA-91BC9AD62D2D}.Debug|Any CPU.Build.0 = Debug|Any CPU
		{F9234490-B27E-43A5-BBCA-91BC9AD62D2D}.Release|Any CPU.ActiveCfg = Release|Any CPU
		{F9234490-B27E-43A5-BBCA-91BC9AD62D2D}.Release|Any CPU.Build.0 = Release|Any CPU
	EndGlobalSection
	GlobalSection(SolutionProperties) = preSolution
		HideSolutionNode = FALSE
	EndGlobalSection
	GlobalSection(ExtensibilityGlobals) = postSolution
		SolutionGuid = {68ABA356-D2F6-43BA-AA6C-4ED0D1551726}
	EndGlobalSection
EndGlobal
